// !$*UTF8*$!
{
	archiveVersion = 1;
	classes = {
	};
	objectVersion = 50;
	objects = {

/* Begin PBXBuildFile section */
		796F3DAC268AB78700C54A77 /* main.m in Sources */ = {isa = PBXBuildFile; fileRef = 796F3DAB268AB78700C54A77 /* main.m */; };
		796F3DB7268ABB0000C54A77 /* Screenshot_20210629_101438.jpg in Resources */ = {isa = PBXBuildFile; fileRef = 796F3DB6268ABB0000C54A77 /* Screenshot_20210629_101438.jpg */; };
		796F3E2F268AEAE800C54A77 /* ViewController.m in Sources */ = {isa = PBXBuildFile; fileRef = 796F3E2E268AEAE800C54A77 /* ViewController.m */; };
		796F3E3D268B36BE00C54A77 /* SecondViewController.m in Sources */ = {isa = PBXBuildFile; fileRef = 796F3E3C268B36BE00C54A77 /* SecondViewController.m */; };
		797600B326842DAD00AC67D8 /* AppDelegate.m in Sources */ = {isa = PBXBuildFile; fileRef = 797600B226842DAD00AC67D8 /* AppDelegate.m */; };
		797600B626842DAD00AC67D8 /* SceneDelegate.m in Sources */ = {isa = PBXBuildFile; fileRef = 797600B526842DAD00AC67D8 /* SceneDelegate.m */; };
		797600BC26842DAD00AC67D8 /* Main.storyboard in Resources */ = {isa = PBXBuildFile; fileRef = 797600BA26842DAD00AC67D8 /* Main.storyboard */; };
		797600BE26842DAF00AC67D8 /* Assets.xcassets in Resources */ = {isa = PBXBuildFile; fileRef = 797600BD26842DAF00AC67D8 /* Assets.xcassets */; };
		797600C126842DAF00AC67D8 /* LaunchScreen.storyboard in Resources */ = {isa = PBXBuildFile; fileRef = 797600BF26842DAF00AC67D8 /* LaunchScreen.storyboard */; };
		797600CE26842DAF00AC67D8 /* iOS_Development_StudyTests.m in Sources */ = {isa = PBXBuildFile; fileRef = 797600CD26842DAF00AC67D8 /* iOS_Development_StudyTests.m */; };
		797600D926842DAF00AC67D8 /* iOS_Development_StudyUITests.m in Sources */ = {isa = PBXBuildFile; fileRef = 797600D826842DAF00AC67D8 /* iOS_Development_StudyUITests.m */; };
		79E615E7268C1A2E00AA0BD3 /* WToast.m in Sources */ = {isa = PBXBuildFile; fileRef = 79E615E3268C1A2E00AA0BD3 /* WToast.m */; };
		79E615F9268C400E00AA0BD3 /* ELYTToast.m in Sources */ = {isa = PBXBuildFile; fileRef = 79E615F7268C400E00AA0BD3 /* ELYTToast.m */; };
/* End PBXBuildFile section */

/* Begin PBXContainerItemProxy section */
		797600CA26842DAF00AC67D8 /* PBXContainerItemProxy */ = {
			isa = PBXContainerItemProxy;
			containerPortal = 797600A626842DAD00AC67D8 /* Project object */;
			proxyType = 1;
			remoteGlobalIDString = 797600AD26842DAD00AC67D8;
			remoteInfo = iOS_Development_Study;
		};
		797600D526842DAF00AC67D8 /* PBXContainerItemProxy */ = {
			isa = PBXContainerItemProxy;
			containerPortal = 797600A626842DAD00AC67D8 /* Project object */;
			proxyType = 1;
			remoteGlobalIDString = 797600AD26842DAD00AC67D8;
			remoteInfo = iOS_Development_Study;
		};
/* End PBXContainerItemProxy section */

/* Begin PBXFileReference section */
		796F3DAB268AB78700C54A77 /* main.m */ = {isa = PBXFileReference; lastKnownFileType = sourcecode.c.objc; path = main.m; sourceTree = "<group>"; };
		796F3DB6268ABB0000C54A77 /* Screenshot_20210629_101438.jpg */ = {isa = PBXFileReference; lastKnownFileType = image.jpeg; path = Screenshot_20210629_101438.jpg; sourceTree = "<group>"; };
		796F3E2E268AEAE800C54A77 /* ViewController.m */ = {isa = PBXFileReference; fileEncoding = 4; lastKnownFileType = sourcecode.c.objc; path = ViewController.m; sourceTree = "<group>"; };
		796F3E3C268B36BE00C54A77 /* SecondViewController.m */ = {isa = PBXFileReference; lastKnownFileType = sourcecode.c.objc; path = SecondViewController.m; sourceTree = "<group>"; };
		796F3E41268B36E700C54A77 /* SecondViewController.h */ = {isa = PBXFileReference; lastKnownFileType = sourcecode.c.h; path = SecondViewController.h; sourceTree = "<group>"; };
		797600AE26842DAD00AC67D8 /* iOS_Development_Study.app */ = {isa = PBXFileReference; explicitFileType = wrapper.application; includeInIndex = 0; path = iOS_Development_Study.app; sourceTree = BUILT_PRODUCTS_DIR; };
		797600B126842DAD00AC67D8 /* AppDelegate.h */ = {isa = PBXFileReference; lastKnownFileType = sourcecode.c.h; path = AppDelegate.h; sourceTree = "<group>"; };
		797600B226842DAD00AC67D8 /* AppDelegate.m */ = {isa = PBXFileReference; lastKnownFileType = sourcecode.c.objc; path = AppDelegate.m; sourceTree = "<group>"; };
		797600B426842DAD00AC67D8 /* SceneDelegate.h */ = {isa = PBXFileReference; lastKnownFileType = sourcecode.c.h; path = SceneDelegate.h; sourceTree = "<group>"; };
		797600B526842DAD00AC67D8 /* SceneDelegate.m */ = {isa = PBXFileReference; lastKnownFileType = sourcecode.c.objc; path = SceneDelegate.m; sourceTree = "<group>"; };
		797600B726842DAD00AC67D8 /* ViewController.h */ = {isa = PBXFileReference; lastKnownFileType = sourcecode.c.h; path = ViewController.h; sourceTree = "<group>"; };
		797600BB26842DAD00AC67D8 /* Base */ = {isa = PBXFileReference; lastKnownFileType = file.storyboard; name = Base; path = Base.lproj/Main.storyboard; sourceTree = "<group>"; };
		797600BD26842DAF00AC67D8 /* Assets.xcassets */ = {isa = PBXFileReference; lastKnownFileType = folder.assetcatalog; path = Assets.xcassets; sourceTree = "<group>"; };
		797600C026842DAF00AC67D8 /* Base */ = {isa = PBXFileReference; lastKnownFileType = file.storyboard; name = Base; path = Base.lproj/LaunchScreen.storyboard; sourceTree = "<group>"; };
		797600C226842DAF00AC67D8 /* Info.plist */ = {isa = PBXFileReference; lastKnownFileType = text.plist.xml; path = Info.plist; sourceTree = "<group>"; };
		797600C926842DAF00AC67D8 /* iOS_Development_StudyTests.xctest */ = {isa = PBXFileReference; explicitFileType = wrapper.cfbundle; includeInIndex = 0; path = iOS_Development_StudyTests.xctest; sourceTree = BUILT_PRODUCTS_DIR; };
		797600CD26842DAF00AC67D8 /* iOS_Development_StudyTests.m */ = {isa = PBXFileReference; lastKnownFileType = sourcecode.c.objc; path = iOS_Development_StudyTests.m; sourceTree = "<group>"; };
		797600CF26842DAF00AC67D8 /* Info.plist */ = {isa = PBXFileReference; lastKnownFileType = text.plist.xml; path = Info.plist; sourceTree = "<group>"; };
		797600D426842DAF00AC67D8 /* iOS_Development_StudyUITests.xctest */ = {isa = PBXFileReference; explicitFileType = wrapper.cfbundle; includeInIndex = 0; path = iOS_Development_StudyUITests.xctest; sourceTree = BUILT_PRODUCTS_DIR; };
		797600D826842DAF00AC67D8 /* iOS_Development_StudyUITests.m */ = {isa = PBXFileReference; lastKnownFileType = sourcecode.c.objc; path = iOS_Development_StudyUITests.m; sourceTree = "<group>"; };
		797600DA26842DAF00AC67D8 /* Info.plist */ = {isa = PBXFileReference; lastKnownFileType = text.plist.xml; path = Info.plist; sourceTree = "<group>"; };
		79E615E1268C1A2E00AA0BD3 /* WToast.h */ = {isa = PBXFileReference; fileEncoding = 4; lastKnownFileType = sourcecode.c.h; path = WToast.h; sourceTree = "<group>"; };
		79E615E3268C1A2E00AA0BD3 /* WToast.m */ = {isa = PBXFileReference; fileEncoding = 4; lastKnownFileType = sourcecode.c.objc; path = WToast.m; sourceTree = "<group>"; };
		79E615F7268C400E00AA0BD3 /* ELYTToast.m */ = {isa = PBXFileReference; fileEncoding = 4; lastKnownFileType = sourcecode.c.objc; path = ELYTToast.m; sourceTree = "<group>"; };
		79E615F8268C400E00AA0BD3 /* ELYTToast.h */ = {isa = PBXFileReference; fileEncoding = 4; lastKnownFileType = sourcecode.c.h; path = ELYTToast.h; sourceTree = "<group>"; };
/* End PBXFileReference section */

/* Begin PBXFrameworksBuildPhase section */
		797600AB26842DAD00AC67D8 /* Frameworks */ = {
			isa = PBXFrameworksBuildPhase;
			buildActionMask = 2147483647;
			files = (
			);
			runOnlyForDeploymentPostprocessing = 0;
		};
		797600C626842DAF00AC67D8 /* Frameworks */ = {
			isa = PBXFrameworksBuildPhase;
			buildActionMask = 2147483647;
			files = (
			);
			runOnlyForDeploymentPostprocessing = 0;
		};
		797600D126842DAF00AC67D8 /* Frameworks */ = {
			isa = PBXFrameworksBuildPhase;
			buildActionMask = 2147483647;
			files = (
			);
			runOnlyForDeploymentPostprocessing = 0;
		};
/* End PBXFrameworksBuildPhase section */

/* Begin PBXGroup section */
		792EEFDF268AB6BB00CF88A1 /* Features */ = {
			isa = PBXGroup;
			children = (
				796F3DD4268AC37B00C54A77 /* Controller */,
				797600B526842DAD00AC67D8 /* SceneDelegate.m */,
				797600B426842DAD00AC67D8 /* SceneDelegate.h */,
				797600B226842DAD00AC67D8 /* AppDelegate.m */,
				797600B126842DAD00AC67D8 /* AppDelegate.h */,
			);
			path = Features;
			sourceTree = "<group>";
		};
		792EEFE0268AB6D500CF88A1 /* AppEntry */ = {
			isa = PBXGroup;
			children = (
				796F3DAB268AB78700C54A77 /* main.m */,
			);
			path = AppEntry;
			sourceTree = "<group>";
		};
		796F3DB0268AB7E300C54A77 /* Resources */ = {
			isa = PBXGroup;
			children = (
				796F3DB6268ABB0000C54A77 /* Screenshot_20210629_101438.jpg */,
				797600BD26842DAF00AC67D8 /* Assets.xcassets */,
			);
			path = Resources;
			sourceTree = "<group>";
		};
		796F3DD4268AC37B00C54A77 /* Controller */ = {
			isa = PBXGroup;
			children = (
				796F3E2E268AEAE800C54A77 /* ViewController.m */,
				797600B726842DAD00AC67D8 /* ViewController.h */,
				797600BA26842DAD00AC67D8 /* Main.storyboard */,
				796F3E3C268B36BE00C54A77 /* SecondViewController.m */,
				796F3E41268B36E700C54A77 /* SecondViewController.h */,
			);
			path = Controller;
			sourceTree = "<group>";
		};
		797600A526842DAD00AC67D8 = {
			isa = PBXGroup;
			children = (
				797600B026842DAD00AC67D8 /* iOS_Development_Study */,
				797600CC26842DAF00AC67D8 /* iOS_Development_StudyTests */,
				797600D726842DAF00AC67D8 /* iOS_Development_StudyUITests */,
				797600AF26842DAD00AC67D8 /* Products */,
			);
			sourceTree = "<group>";
		};
		797600AF26842DAD00AC67D8 /* Products */ = {
			isa = PBXGroup;
			children = (
				797600AE26842DAD00AC67D8 /* iOS_Development_Study.app */,
				797600C926842DAF00AC67D8 /* iOS_Development_StudyTests.xctest */,
				797600D426842DAF00AC67D8 /* iOS_Development_StudyUITests.xctest */,
			);
			name = Products;
			sourceTree = "<group>";
		};
		797600B026842DAD00AC67D8 /* iOS_Development_Study */ = {
			isa = PBXGroup;
			children = (
				79E615F3268C3AF900AA0BD3 /* Categories */,
				79E615EF268C1A7400AA0BD3 /* Helpers */,
				79E615DD268C1A0500AA0BD3 /* Vendors */,
				796F3DB0268AB7E300C54A77 /* Resources */,
				792EEFE0268AB6D500CF88A1 /* AppEntry */,
				792EEFDF268AB6BB00CF88A1 /* Features */,
				797600BF26842DAF00AC67D8 /* LaunchScreen.storyboard */,
				797600C226842DAF00AC67D8 /* Info.plist */,
			);
			path = iOS_Development_Study;
			sourceTree = "<group>";
		};
		797600CC26842DAF00AC67D8 /* iOS_Development_StudyTests */ = {
			isa = PBXGroup;
			children = (
				797600CD26842DAF00AC67D8 /* iOS_Development_StudyTests.m */,
				797600CF26842DAF00AC67D8 /* Info.plist */,
			);
			path = iOS_Development_StudyTests;
			sourceTree = "<group>";
		};
		797600D726842DAF00AC67D8 /* iOS_Development_StudyUITests */ = {
			isa = PBXGroup;
			children = (
				797600D826842DAF00AC67D8 /* iOS_Development_StudyUITests.m */,
				797600DA26842DAF00AC67D8 /* Info.plist */,
			);
			path = iOS_Development_StudyUITests;
			sourceTree = "<group>";
		};
		79E615DD268C1A0500AA0BD3 /* Vendors */ = {
			isa = PBXGroup;
			children = (
				79E615E0268C1A2E00AA0BD3 /* WToast */,
			);
			path = Vendors;
			sourceTree = "<group>";
		};
		79E615E0268C1A2E00AA0BD3 /* WToast */ = {
			isa = PBXGroup;
			children = (
				79E615E1268C1A2E00AA0BD3 /* WToast.h */,
				79E615E3268C1A2E00AA0BD3 /* WToast.m */,
			);
			path = WToast;
			sourceTree = "<group>";
		};
		79E615EF268C1A7400AA0BD3 /* Helpers */ = {
			isa = PBXGroup;
			children = (
			);
			path = Helpers;
			sourceTree = "<group>";
		};
		79E615F3268C3AF900AA0BD3 /* Categories */ = {
			isa = PBXGroup;
			children = (
				79E615F8268C400E00AA0BD3 /* ELYTToast.h */,
				79E615F7268C400E00AA0BD3 /* ELYTToast.m */,
			);
			path = Categories;
			sourceTree = "<group>";
		};
/* End PBXGroup section */

/* Begin PBXNativeTarget section */
		797600AD26842DAD00AC67D8 /* iOS_Development_Study */ = {
			isa = PBXNativeTarget;
			buildConfigurationList = 797600DD26842DB000AC67D8 /* Build configuration list for PBXNativeTarget "iOS_Development_Study" */;
			buildPhases = (
				797600AA26842DAD00AC67D8 /* Sources */,
				797600AB26842DAD00AC67D8 /* Frameworks */,
				797600AC26842DAD00AC67D8 /* Resources */,
			);
			buildRules = (
			);
			dependencies = (
			);
			name = iOS_Development_Study;
			productName = iOS_Development_Study;
			productReference = 797600AE26842DAD00AC67D8 /* iOS_Development_Study.app */;
			productType = "com.apple.product-type.application";
		};
		797600C826842DAF00AC67D8 /* iOS_Development_StudyTests */ = {
			isa = PBXNativeTarget;
			buildConfigurationList = 797600E026842DB000AC67D8 /* Build configuration list for PBXNativeTarget "iOS_Development_StudyTests" */;
			buildPhases = (
				797600C526842DAF00AC67D8 /* Sources */,
				797600C626842DAF00AC67D8 /* Frameworks */,
				797600C726842DAF00AC67D8 /* Resources */,
			);
			buildRules = (
			);
			dependencies = (
				797600CB26842DAF00AC67D8 /* PBXTargetDependency */,
			);
			name = iOS_Development_StudyTests;
			productName = iOS_Development_StudyTests;
			productReference = 797600C926842DAF00AC67D8 /* iOS_Development_StudyTests.xctest */;
			productType = "com.apple.product-type.bundle.unit-test";
		};
		797600D326842DAF00AC67D8 /* iOS_Development_StudyUITests */ = {
			isa = PBXNativeTarget;
			buildConfigurationList = 797600E326842DB000AC67D8 /* Build configuration list for PBXNativeTarget "iOS_Development_StudyUITests" */;
			buildPhases = (
				797600D026842DAF00AC67D8 /* Sources */,
				797600D126842DAF00AC67D8 /* Frameworks */,
				797600D226842DAF00AC67D8 /* Resources */,
			);
			buildRules = (
			);
			dependencies = (
				797600D626842DAF00AC67D8 /* PBXTargetDependency */,
			);
			name = iOS_Development_StudyUITests;
			productName = iOS_Development_StudyUITests;
			productReference = 797600D426842DAF00AC67D8 /* iOS_Development_StudyUITests.xctest */;
			productType = "com.apple.product-type.bundle.ui-testing";
		};
/* End PBXNativeTarget section */

/* Begin PBXProject section */
		797600A626842DAD00AC67D8 /* Project object */ = {
			isa = PBXProject;
			attributes = {
				LastUpgradeCheck = 1240;
				TargetAttributes = {
					797600AD26842DAD00AC67D8 = {
						CreatedOnToolsVersion = 12.4;
					};
					797600C826842DAF00AC67D8 = {
						CreatedOnToolsVersion = 12.4;
						TestTargetID = 797600AD26842DAD00AC67D8;
					};
					797600D326842DAF00AC67D8 = {
						CreatedOnToolsVersion = 12.4;
						TestTargetID = 797600AD26842DAD00AC67D8;
					};
				};
			};
			buildConfigurationList = 797600A926842DAD00AC67D8 /* Build configuration list for PBXProject "iOS_Development_Study" */;
			compatibilityVersion = "Xcode 9.3";
			developmentRegion = en;
			hasScannedForEncodings = 0;
			knownRegions = (
				en,
				Base,
				"zh-Hans",
				"zh-Hant",
				de,
				he,
				ar,
				ja,
				es,
				da,
				"es-419",
				it,
				bg,
				sk,
				cs,
				ko,
				hu,
				tr,
				pl,
				vi,
				lv,
				lt,
				ru,
				fr,
				nl,
				th,
				pt,
				"pt-PT",
				hr,
			);
			mainGroup = 797600A526842DAD00AC67D8;
			productRefGroup = 797600AF26842DAD00AC67D8 /* Products */;
			projectDirPath = "";
			projectRoot = "";
			targets = (
				797600AD26842DAD00AC67D8 /* iOS_Development_Study */,
				797600C826842DAF00AC67D8 /* iOS_Development_StudyTests */,
				797600D326842DAF00AC67D8 /* iOS_Development_StudyUITests */,
			);
		};
/* End PBXProject section */

/* Begin PBXResourcesBuildPhase section */
		797600AC26842DAD00AC67D8 /* Resources */ = {
			isa = PBXResourcesBuildPhase;
			buildActionMask = 2147483647;
			files = (
				796F3DB7268ABB0000C54A77 /* Screenshot_20210629_101438.jpg in Resources */,
				797600C126842DAF00AC67D8 /* LaunchScreen.storyboard in Resources */,
				797600BE26842DAF00AC67D8 /* Assets.xcassets in Resources */,
				797600BC26842DAD00AC67D8 /* Main.storyboard in Resources */,
			);
			runOnlyForDeploymentPostprocessing = 0;
		};
		797600C726842DAF00AC67D8 /* Resources */ = {
			isa = PBXResourcesBuildPhase;
			buildActionMask = 2147483647;
			files = (
			);
			runOnlyForDeploymentPostprocessing = 0;
		};
		797600D226842DAF00AC67D8 /* Resources */ = {
			isa = PBXResourcesBuildPhase;
			buildActionMask = 2147483647;
			files = (
			);
			runOnlyForDeploymentPostprocessing = 0;
		};
/* End PBXResourcesBuildPhase section */

/* Begin PBXSourcesBuildPhase section */
		797600AA26842DAD00AC67D8 /* Sources */ = {
			isa = PBXSourcesBuildPhase;
			buildActionMask = 2147483647;
			files = (
				796F3E3D268B36BE00C54A77 /* SecondViewController.m in Sources */,
				797600B326842DAD00AC67D8 /* AppDelegate.m in Sources */,
				796F3DAC268AB78700C54A77 /* main.m in Sources */,
				79E615F9268C400E00AA0BD3 /* ELYTToast.m in Sources */,
				796F3E2F268AEAE800C54A77 /* ViewController.m in Sources */,
				797600B626842DAD00AC67D8 /* SceneDelegate.m in Sources */,
				79E615E7268C1A2E00AA0BD3 /* WToast.m in Sources */,
			);
			runOnlyForDeploymentPostprocessing = 0;
		};
		797600C526842DAF00AC67D8 /* Sources */ = {
			isa = PBXSourcesBuildPhase;
			buildActionMask = 2147483647;
			files = (
				797600CE26842DAF00AC67D8 /* iOS_Development_StudyTests.m in Sources */,
			);
			runOnlyForDeploymentPostprocessing = 0;
		};
		797600D026842DAF00AC67D8 /* Sources */ = {
			isa = PBXSourcesBuildPhase;
			buildActionMask = 2147483647;
			files = (
				797600D926842DAF00AC67D8 /* iOS_Development_StudyUITests.m in Sources */,
			);
			runOnlyForDeploymentPostprocessing = 0;
		};
/* End PBXSourcesBuildPhase section */

/* Begin PBXTargetDependency section */
		797600CB26842DAF00AC67D8 /* PBXTargetDependency */ = {
			isa = PBXTargetDependency;
			target = 797600AD26842DAD00AC67D8 /* iOS_Development_Study */;
			targetProxy = 797600CA26842DAF00AC67D8 /* PBXContainerItemProxy */;
		};
		797600D626842DAF00AC67D8 /* PBXTargetDependency */ = {
			isa = PBXTargetDependency;
			target = 797600AD26842DAD00AC67D8 /* iOS_Development_Study */;
			targetProxy = 797600D526842DAF00AC67D8 /* PBXContainerItemProxy */;
		};
/* End PBXTargetDependency section */

/* Begin PBXVariantGroup section */
		797600BA26842DAD00AC67D8 /* Main.storyboard */ = {
			isa = PBXVariantGroup;
			children = (
				797600BB26842DAD00AC67D8 /* Base */,
			);
			name = Main.storyboard;
			sourceTree = "<group>";
		};
		797600BF26842DAF00AC67D8 /* LaunchScreen.storyboard */ = {
			isa = PBXVariantGroup;
			children = (
				797600C026842DAF00AC67D8 /* Base */,
			);
			name = LaunchScreen.storyboard;
			sourceTree = "<group>";
		};
/* End PBXVariantGroup section */

/* Begin XCBuildConfiguration section */
		797600DB26842DB000AC67D8 /* Debug */ = {
			isa = XCBuildConfiguration;
			buildSettings = {
				ALWAYS_SEARCH_USER_PATHS = NO;
				CLANG_ANALYZER_NONNULL = YES;
				CLANG_ANALYZER_NUMBER_OBJECT_CONVERSION = YES_AGGRESSIVE;
				CLANG_CXX_LANGUAGE_STANDARD = "gnu++14";
				CLANG_CXX_LIBRARY = "libc++";
				CLANG_ENABLE_MODULES = YES;
				CLANG_ENABLE_OBJC_ARC = YES;
				CLANG_ENABLE_OBJC_WEAK = YES;
				CLANG_WARN_BLOCK_CAPTURE_AUTORELEASING = YES;
				CLANG_WARN_BOOL_CONVERSION = YES;
				CLANG_WARN_COMMA = YES;
				CLANG_WARN_CONSTANT_CONVERSION = YES;
				CLANG_WARN_DEPRECATED_OBJC_IMPLEMENTATIONS = YES;
				CLANG_WARN_DIRECT_OBJC_ISA_USAGE = YES_ERROR;
				CLANG_WARN_DOCUMENTATION_COMMENTS = YES;
				CLANG_WARN_EMPTY_BODY = YES;
				CLANG_WARN_ENUM_CONVERSION = YES;
				CLANG_WARN_INFINITE_RECURSION = YES;
				CLANG_WARN_INT_CONVERSION = YES;
				CLANG_WARN_NON_LITERAL_NULL_CONVERSION = YES;
				CLANG_WARN_OBJC_IMPLICIT_RETAIN_SELF = YES;
				CLANG_WARN_OBJC_LITERAL_CONVERSION = YES;
				CLANG_WARN_OBJC_ROOT_CLASS = YES_ERROR;
				CLANG_WARN_QUOTED_INCLUDE_IN_FRAMEWORK_HEADER = YES;
				CLANG_WARN_RANGE_LOOP_ANALYSIS = YES;
				CLANG_WARN_STRICT_PROTOTYPES = YES;
				CLANG_WARN_SUSPICIOUS_MOVE = YES;
				CLANG_WARN_UNGUARDED_AVAILABILITY = YES_AGGRESSIVE;
				CLANG_WARN_UNREACHABLE_CODE = YES;
				CLANG_WARN__DUPLICATE_METHOD_MATCH = YES;
				COPY_PHASE_STRIP = NO;
				DEBUG_INFORMATION_FORMAT = dwarf;
				ENABLE_STRICT_OBJC_MSGSEND = YES;
				ENABLE_TESTABILITY = YES;
				GCC_C_LANGUAGE_STANDARD = gnu11;
				GCC_DYNAMIC_NO_PIC = NO;
				GCC_NO_COMMON_BLOCKS = YES;
				GCC_OPTIMIZATION_LEVEL = 0;
				GCC_PREPROCESSOR_DEFINITIONS = (
					"DEBUG=1",
					"$(inherited)",
				);
				GCC_WARN_64_TO_32_BIT_CONVERSION = YES;
				GCC_WARN_ABOUT_RETURN_TYPE = YES_ERROR;
				GCC_WARN_UNDECLARED_SELECTOR = YES;
				GCC_WARN_UNINITIALIZED_AUTOS = YES_AGGRESSIVE;
				GCC_WARN_UNUSED_FUNCTION = YES;
				GCC_WARN_UNUSED_VARIABLE = YES;
				IPHONEOS_DEPLOYMENT_TARGET = 13.0;
				MTL_ENABLE_DEBUG_INFO = INCLUDE_SOURCE;
				MTL_FAST_MATH = YES;
				ONLY_ACTIVE_ARCH = YES;
				SDKROOT = iphoneos;
			};
			name = Debug;
		};
		797600DC26842DB000AC67D8 /* Release */ = {
			isa = XCBuildConfiguration;
			buildSettings = {
				ALWAYS_SEARCH_USER_PATHS = NO;
				CLANG_ANALYZER_NONNULL = YES;
				CLANG_ANALYZER_NUMBER_OBJECT_CONVERSION = YES_AGGRESSIVE;
				CLANG_CXX_LANGUAGE_STANDARD = "gnu++14";
				CLANG_CXX_LIBRARY = "libc++";
				CLANG_ENABLE_MODULES = YES;
				CLANG_ENABLE_OBJC_ARC = YES;
				CLANG_ENABLE_OBJC_WEAK = YES;
				CLANG_WARN_BLOCK_CAPTURE_AUTORELEASING = YES;
				CLANG_WARN_BOOL_CONVERSION = YES;
				CLANG_WARN_COMMA = YES;
				CLANG_WARN_CONSTANT_CONVERSION = YES;
				CLANG_WARN_DEPRECATED_OBJC_IMPLEMENTATIONS = YES;
				CLANG_WARN_DIRECT_OBJC_ISA_USAGE = YES_ERROR;
				CLANG_WARN_DOCUMENTATION_COMMENTS = YES;
				CLANG_WARN_EMPTY_BODY = YES;
				CLANG_WARN_ENUM_CONVERSION = YES;
				CLANG_WARN_INFINITE_RECURSION = YES;
				CLANG_WARN_INT_CONVERSION = YES;
				CLANG_WARN_NON_LITERAL_NULL_CONVERSION = YES;
				CLANG_WARN_OBJC_IMPLICIT_RETAIN_SELF = YES;
				CLANG_WARN_OBJC_LITERAL_CONVERSION = YES;
				CLANG_WARN_OBJC_ROOT_CLASS = YES_ERROR;
				CLANG_WARN_QUOTED_INCLUDE_IN_FRAMEWORK_HEADER = YES;
				CLANG_WARN_RANGE_LOOP_ANALYSIS = YES;
				CLANG_WARN_STRICT_PROTOTYPES = YES;
				CLANG_WARN_SUSPICIOUS_MOVE = YES;
				CLANG_WARN_UNGUARDED_AVAILABILITY = YES_AGGRESSIVE;
				CLANG_WARN_UNREACHABLE_CODE = YES;
				CLANG_WARN__DUPLICATE_METHOD_MATCH = YES;
				COPY_PHASE_STRIP = NO;
				DEBUG_INFORMATION_FORMAT = "dwarf-with-dsym";
				ENABLE_NS_ASSERTIONS = NO;
				ENABLE_STRICT_OBJC_MSGSEND = YES;
				GCC_C_LANGUAGE_STANDARD = gnu11;
				GCC_NO_COMMON_BLOCKS = YES;
				GCC_WARN_64_TO_32_BIT_CONVERSION = YES;
				GCC_WARN_ABOUT_RETURN_TYPE = YES_ERROR;
				GCC_WARN_UNDECLARED_SELECTOR = YES;
				GCC_WARN_UNINITIALIZED_AUTOS = YES_AGGRESSIVE;
				GCC_WARN_UNUSED_FUNCTION = YES;
				GCC_WARN_UNUSED_VARIABLE = YES;
				IPHONEOS_DEPLOYMENT_TARGET = 13.0;
				MTL_ENABLE_DEBUG_INFO = NO;
				MTL_FAST_MATH = YES;
				SDKROOT = iphoneos;
				VALIDATE_PRODUCT = YES;
			};
			name = Release;
		};
		797600DE26842DB000AC67D8 /* Debug */ = {
			isa = XCBuildConfiguration;
			buildSettings = {
				ASSETCATALOG_COMPILER_APPICON_NAME = AppIcon;
				ASSETCATALOG_COMPILER_GLOBAL_ACCENT_COLOR_NAME = AccentColor;
				CODE_SIGN_STYLE = Automatic;
				DEVELOPMENT_TEAM = 4RNTM3373C;
				INFOPLIST_FILE = iOS_Development_Study/Info.plist;
				LD_RUNPATH_SEARCH_PATHS = (
					"$(inherited)",
					"@executable_path/Frameworks",
				);
				LIBRARY_SEARCH_PATHS = (
					"$(inherited)",
					"$(PROJECT_DIR)/iOS_Development_Study/ios/ThirdLibrary/Extend/Library/IOSMp4v2",
					"$(PROJECT_DIR)/iOS_Development_Study/ios/ThirdLibrary/Foundation/JPush/lib",
					"$(PROJECT_DIR)/iOS_Development_Study/ios/ThirdLibrary/SDK",
					"$(PROJECT_DIR)/iOS_Development_Study/ios/ThirdLibrary/TTS/ClientLib",
					"$(PROJECT_DIR)/iOS_Development_Study/ios/ThirdLibrary/DCloud/Lib",
					"$(PROJECT_DIR)/iOS_Development_Study/ThirdLibrary/Extend/Library/IOSMp4v2",
					"$(PROJECT_DIR)/iOS_Development_Study/ThirdLibrary/Foundation/JPush/lib",
					"$(PROJECT_DIR)/iOS_Development_Study/ThirdLibrary/SDK",
					"$(PROJECT_DIR)/iOS_Development_Study/ThirdLibrary/TTS/ClientLib",
					"$(PROJECT_DIR)/iOS_Development_Study/ThirdLibrary/ThirdLibrary/Extend/Library/IOSMp4v2",
					"$(PROJECT_DIR)/iOS_Development_Study/ThirdLibrary/ThirdLibrary/Foundation/JPush/lib",
					"$(PROJECT_DIR)/iOS_Development_Study/ThirdLibrary/ThirdLibrary/SDK",
					"$(PROJECT_DIR)/iOS_Development_Study/ThirdLibrary/ThirdLibrary/TTS/ClientLib",
					"$(PROJECT_DIR)/iOS_Development_Study/ThirdLibrary/ThirdLibrary/DCloud/Lib",
					"$(PROJECT_DIR)/iOS_Development_Study/ThirdLibrary/DCloud/Lib",
				);
				PRODUCT_BUNDLE_IDENTIFIER = "com.jjx.iOS-Development-Study";
				PRODUCT_NAME = "$(TARGET_NAME)";
				TARGETED_DEVICE_FAMILY = "1,2";
			};
			name = Debug;
		};
		797600DF26842DB000AC67D8 /* Release */ = {
			isa = XCBuildConfiguration;
			buildSettings = {
				ASSETCATALOG_COMPILER_APPICON_NAME = AppIcon;
				ASSETCATALOG_COMPILER_GLOBAL_ACCENT_COLOR_NAME = AccentColor;
				CODE_SIGN_STYLE = Automatic;
				DEVELOPMENT_TEAM = 4RNTM3373C;
				INFOPLIST_FILE = iOS_Development_Study/Info.plist;
				LD_RUNPATH_SEARCH_PATHS = (
					"$(inherited)",
					"@executable_path/Frameworks",
				);
				LIBRARY_SEARCH_PATHS = (
					"$(inherited)",
					"$(PROJECT_DIR)/iOS_Development_Study/ios/ThirdLibrary/Extend/Library/IOSMp4v2",
					"$(PROJECT_DIR)/iOS_Development_Study/ios/ThirdLibrary/Foundation/JPush/lib",
					"$(PROJECT_DIR)/iOS_Development_Study/ios/ThirdLibrary/SDK",
					"$(PROJECT_DIR)/iOS_Development_Study/ios/ThirdLibrary/TTS/ClientLib",
					"$(PROJECT_DIR)/iOS_Development_Study/ios/ThirdLibrary/DCloud/Lib",
					"$(PROJECT_DIR)/iOS_Development_Study/ThirdLibrary/Extend/Library/IOSMp4v2",
					"$(PROJECT_DIR)/iOS_Development_Study/ThirdLibrary/Foundation/JPush/lib",
					"$(PROJECT_DIR)/iOS_Development_Study/ThirdLibrary/SDK",
					"$(PROJECT_DIR)/iOS_Development_Study/ThirdLibrary/TTS/ClientLib",
					"$(PROJECT_DIR)/iOS_Development_Study/ThirdLibrary/ThirdLibrary/Extend/Library/IOSMp4v2",
					"$(PROJECT_DIR)/iOS_Development_Study/ThirdLibrary/ThirdLibrary/Foundation/JPush/lib",
					"$(PROJECT_DIR)/iOS_Development_Study/ThirdLibrary/ThirdLibrary/SDK",
					"$(PROJECT_DIR)/iOS_Development_Study/ThirdLibrary/ThirdLibrary/TTS/ClientLib",
					"$(PROJECT_DIR)/iOS_Development_Study/ThirdLibrary/ThirdLibrary/DCloud/Lib",
					"$(PROJECT_DIR)/iOS_Development_Study/ThirdLibrary/DCloud/Lib",
				);
				PRODUCT_BUNDLE_IDENTIFIER = "com.jjx.iOS-Development-Study";
				PRODUCT_NAME = "$(TARGET_NAME)";
				TARGETED_DEVICE_FAMILY = "1,2";
			};
			name = Release;
		};
		797600E126842DB000AC67D8 /* Debug */ = {
			isa = XCBuildConfiguration;
			buildSettings = {
				BUNDLE_LOADER = "$(TEST_HOST)";
				CODE_SIGN_STYLE = Automatic;
				DEVELOPMENT_TEAM = 4RNTM3373C;
				INFOPLIST_FILE = iOS_Development_StudyTests/Info.plist;
				IPHONEOS_DEPLOYMENT_TARGET = 14.4;
				LD_RUNPATH_SEARCH_PATHS = (
					"$(inherited)",
					"@executable_path/Frameworks",
					"@loader_path/Frameworks",
				);
				PRODUCT_BUNDLE_IDENTIFIER = "com.jjx.iOS-Development-StudyTests";
				PRODUCT_NAME = "$(TARGET_NAME)";
				TARGETED_DEVICE_FAMILY = "1,2";
				TEST_HOST = "$(BUILT_PRODUCTS_DIR)/iOS_Development_Study.app/iOS_Development_Study";
			};
			name = Debug;
		};
		797600E226842DB000AC67D8 /* Release */ = {
			isa = XCBuildConfiguration;
			buildSettings = {
				BUNDLE_LOADER = "$(TEST_HOST)";
				CODE_SIGN_STYLE = Automatic;
				DEVELOPMENT_TEAM = 4RNTM3373C;
				INFOPLIST_FILE = iOS_Development_StudyTests/Info.plist;
				IPHONEOS_DEPLOYMENT_TARGET = 14.4;
				LD_RUNPATH_SEARCH_PATHS = (
					"$(inherited)",
					"@executable_path/Frameworks",
					"@loader_path/Frameworks",
				);
				PRODUCT_BUNDLE_IDENTIFIER = "com.jjx.iOS-Development-StudyTests";
				PRODUCT_NAME = "$(TARGET_NAME)";
				TARGETED_DEVICE_FAMILY = "1,2";
				TEST_HOST = "$(BUILT_PRODUCTS_DIR)/iOS_Development_Study.app/iOS_Development_Study";
			};
			name = Release;
		};
		797600E426842DB000AC67D8 /* Debug */ = {
			isa = XCBuildConfiguration;
			buildSettings = {
				CODE_SIGN_STYLE = Automatic;
				DEVELOPMENT_TEAM = 4RNTM3373C;
				INFOPLIST_FILE = iOS_Development_StudyUITests/Info.plist;
				LD_RUNPATH_SEARCH_PATHS = (
					"$(inherited)",
					"@executable_path/Frameworks",
					"@loader_path/Frameworks",
				);
				PRODUCT_BUNDLE_IDENTIFIER = "com.jjx.iOS-Development-StudyUITests";
				PRODUCT_NAME = "$(TARGET_NAME)";
				TARGETED_DEVICE_FAMILY = "1,2";
				TEST_TARGET_NAME = iOS_Development_Study;
			};
			name = Debug;
		};
		797600E526842DB000AC67D8 /* Release */ = {
			isa = XCBuildConfiguration;
			buildSettings = {
				CODE_SIGN_STYLE = Automatic;
				DEVELOPMENT_TEAM = 4RNTM3373C;
				INFOPLIST_FILE = iOS_Development_StudyUITests/Info.plist;
				LD_RUNPATH_SEARCH_PATHS = (
					"$(inherited)",
					"@executable_path/Frameworks",
					"@loader_path/Frameworks",
				);
				PRODUCT_BUNDLE_IDENTIFIER = "com.jjx.iOS-Development-StudyUITests";
				PRODUCT_NAME = "$(TARGET_NAME)";
				TARGETED_DEVICE_FAMILY = "1,2";
				TEST_TARGET_NAME = iOS_Development_Study;
			};
			name = Release;
		};
/* End XCBuildConfiguration section */

/* Begin XCConfigurationList section */
		797600A926842DAD00AC67D8 /* Build configuration list for PBXProject "iOS_Development_Study" */ = {
			isa = XCConfigurationList;
			buildConfigurations = (
				797600DB26842DB000AC67D8 /* Debug */,
				797600DC26842DB000AC67D8 /* Release */,
			);
			defaultConfigurationIsVisible = 0;
			defaultConfigurationName = Release;
		};
		797600DD26842DB000AC67D8 /* Build configuration list for PBXNativeTarget "iOS_Development_Study" */ = {
			isa = XCConfigurationList;
			buildConfigurations = (
				797600DE26842DB000AC67D8 /* Debug */,
				797600DF26842DB000AC67D8 /* Release */,
			);
			defaultConfigurationIsVisible = 0;
			defaultConfigurationName = Release;
		};
		797600E026842DB000AC67D8 /* Build configuration list for PBXNativeTarget "iOS_Development_StudyTests" */ = {
			isa = XCConfigurationList;
			buildConfigurations = (
				797600E126842DB000AC67D8 /* Debug */,
				797600E226842DB000AC67D8 /* Release */,
			);
			defaultConfigurationIsVisible = 0;
			defaultConfigurationName = Release;
		};
		797600E326842DB000AC67D8 /* Build configuration list for PBXNativeTarget "iOS_Development_StudyUITests" */ = {
			isa = XCConfigurationList;
			buildConfigurations = (
				797600E426842DB000AC67D8 /* Debug */,
				797600E526842DB000AC67D8 /* Release */,
			);
			defaultConfigurationIsVisible = 0;
			defaultConfigurationName = Release;
		};
/* End XCConfigurationList section */
	};
	rootObject = 797600A626842DAD00AC67D8 /* Project object */;
}
